
Microsoft Visual Studio Solution File, Format Version 12.00
# Visual Studio 15
VisualStudioVersion = 15.0.28307.271
MinimumVisualStudioVersion = 10.0.40219.1
Project("{FAE04EC0-301F-11D3-BF4B-00C04F79EFBC}") = "VendingMaschine", "VendingMaschine\VendingMaschine.csproj", "{57123F3F-B79B-48FE-B0B5-59D4F33A594A}"
EndProject
Global
	GlobalSection(SolutionConfigurationPlatforms) = preSolution
		Debug|Any CPU = Debug|Any CPU
		Release|Any CPU = Release|Any CPU
	EndGlobalSection
	GlobalSection(ProjectConfigurationPlatforms) = postSolution
		{57123F3F-B79B-48FE-B0B5-59D4F33A594A}.Debug|Any CPU.ActiveCfg = Debug|Any CPU
		{57123F3F-B79B-48FE-B0B5-59D4F33A594A}.Debug|Any CPU.Build.0 = Debug|Any CPU
		{57123F3F-B79B-48FE-B0B5-59D4F33A594A}.Release|Any CPU.ActiveCfg = Release|Any CPU
		{57123F3F-B79B-48FE-B0B5-59D4F33A594A}.Release|Any CPU.Build.0 = Release|Any CPU
	EndGlobalSection
	GlobalSection(SolutionProperties) = preSolution
		HideSolutionNode = FALSE
	EndGlobalSection
	GlobalSection(ExtensibilityGlobals) = postSolution
		SolutionGuid = {D943836F-EB0F-4FF1-9F37-4D65F4055B44}
	EndGlobalSection
EndGlobal
